// !$*UTF8*$!
{
	archiveVersion = 1;
	classes = {
	};
	objectVersion = 46;
	objects = {

/* Begin PBXBuildFile section */
		4A2788581EC4049700373425 /* Constants.swift in Sources */ = {isa = PBXBuildFile; fileRef = 4A2788571EC4049700373425 /* Constants.swift */; };
		4A69D6E11EC8E8B9001B6E5E /* News.swift in Sources */ = {isa = PBXBuildFile; fileRef = 4A69D6D11EC8E8B9001B6E5E /* News.swift */; };
		4A69D6E31EC8E8B9001B6E5E /* TV.swift in Sources */ = {isa = PBXBuildFile; fileRef = 4A69D6D31EC8E8B9001B6E5E /* TV.swift */; };
		4A69D6E41EC8E8B9001B6E5E /* Launch Screen.storyboard in Resources */ = {isa = PBXBuildFile; fileRef = 4A69D6D51EC8E8B9001B6E5E /* Launch Screen.storyboard */; };
		4A69D6E51EC8E8B9001B6E5E /* Storyboard.storyboard in Resources */ = {isa = PBXBuildFile; fileRef = 4A69D6D61EC8E8B9001B6E5E /* Storyboard.storyboard */; };
		4A69D6E81EC8E8B9001B6E5E /* WooNews.swift in Sources */ = {isa = PBXBuildFile; fileRef = 4A69D6DA1EC8E8B9001B6E5E /* WooNews.swift */; };
		4A69D6EA1EC8E8B9001B6E5E /* WooTV.swift in Sources */ = {isa = PBXBuildFile; fileRef = 4A69D6DC1EC8E8B9001B6E5E /* WooTV.swift */; };
		4A69D6EB1EC8E8B9001B6E5E /* ViewController.swift in Sources */ = {isa = PBXBuildFile; fileRef = 4A69D6DE1EC8E8B9001B6E5E /* ViewController.swift */; };
		4A6C4BFB1EC3F29600278C76 /* AppDelegate.swift in Sources */ = {isa = PBXBuildFile; fileRef = 4A6C4BFA1EC3F29600278C76 /* AppDelegate.swift */; };
		4A6C4C021EC3F29600278C76 /* Assets.xcassets in Resources */ = {isa = PBXBuildFile; fileRef = 4A6C4C011EC3F29600278C76 /* Assets.xcassets */; };
		4ACF36001ECA7E8700A78FBF /* WooElement.swift in Sources */ = {isa = PBXBuildFile; fileRef = 4ACF35FF1ECA7E8700A78FBF /* WooElement.swift */; };
/* End PBXBuildFile section */

/* Begin PBXFileReference section */
		4A2788571EC4049700373425 /* Constants.swift */ = {isa = PBXFileReference; fileEncoding = 4; lastKnownFileType = sourcecode.swift; path = Constants.swift; sourceTree = "<group>"; };
		4A69D6D11EC8E8B9001B6E5E /* News.swift */ = {isa = PBXFileReference; fileEncoding = 4; lastKnownFileType = sourcecode.swift; path = News.swift; sourceTree = "<group>"; };
		4A69D6D31EC8E8B9001B6E5E /* TV.swift */ = {isa = PBXFileReference; fileEncoding = 4; lastKnownFileType = sourcecode.swift; path = TV.swift; sourceTree = "<group>"; };
		4A69D6D51EC8E8B9001B6E5E /* Launch Screen.storyboard */ = {isa = PBXFileReference; fileEncoding = 4; lastKnownFileType = file.storyboard; path = "Launch Screen.storyboard"; sourceTree = "<group>"; };
		4A69D6D61EC8E8B9001B6E5E /* Storyboard.storyboard */ = {isa = PBXFileReference; fileEncoding = 4; lastKnownFileType = file.storyboard; path = Storyboard.storyboard; sourceTree = "<group>"; };
		4A69D6DA1EC8E8B9001B6E5E /* WooNews.swift */ = {isa = PBXFileReference; fileEncoding = 4; lastKnownFileType = sourcecode.swift; path = WooNews.swift; sourceTree = "<group>"; };
		4A69D6DC1EC8E8B9001B6E5E /* WooTV.swift */ = {isa = PBXFileReference; fileEncoding = 4; lastKnownFileType = sourcecode.swift; path = WooTV.swift; sourceTree = "<group>"; };
		4A69D6DE1EC8E8B9001B6E5E /* ViewController.swift */ = {isa = PBXFileReference; fileEncoding = 4; lastKnownFileType = sourcecode.swift; path = ViewController.swift; sourceTree = "<group>"; };
		4A6C4BF71EC3F29600278C76 /* WooCutzTv.app */ = {isa = PBXFileReference; explicitFileType = wrapper.application; includeInIndex = 0; path = WooCutzTv.app; sourceTree = BUILT_PRODUCTS_DIR; };
		4A6C4BFA1EC3F29600278C76 /* AppDelegate.swift */ = {isa = PBXFileReference; lastKnownFileType = sourcecode.swift; path = AppDelegate.swift; sourceTree = "<group>"; };
		4A6C4C011EC3F29600278C76 /* Assets.xcassets */ = {isa = PBXFileReference; lastKnownFileType = folder.assetcatalog; path = Assets.xcassets; sourceTree = "<group>"; };
		4A6C4C061EC3F29600278C76 /* Info.plist */ = {isa = PBXFileReference; lastKnownFileType = text.plist.xml; path = Info.plist; sourceTree = "<group>"; };
		4ACF35FF1ECA7E8700A78FBF /* WooElement.swift */ = {isa = PBXFileReference; fileEncoding = 4; lastKnownFileType = sourcecode.swift; path = WooElement.swift; sourceTree = "<group>"; };
/* End PBXFileReference section */

/* Begin PBXFrameworksBuildPhase section */
		4A6C4BF41EC3F29600278C76 /* Frameworks */ = {
			isa = PBXFrameworksBuildPhase;
			buildActionMask = 2147483647;
			files = (
			);
			runOnlyForDeploymentPostprocessing = 0;
		};
/* End PBXFrameworksBuildPhase section */

/* Begin PBXGroup section */
		4A69D6CE1EC8E8B9001B6E5E /* Views */ = {
			isa = PBXGroup;
			children = (
				4A69D6D11EC8E8B9001B6E5E /* News.swift */,
				4A69D6D31EC8E8B9001B6E5E /* TV.swift */,
			);
			path = Views;
			sourceTree = "<group>";
		};
		4A69D6D41EC8E8B9001B6E5E /* Storyboards */ = {
			isa = PBXGroup;
			children = (
				4A69D6D51EC8E8B9001B6E5E /* Launch Screen.storyboard */,
				4A69D6D61EC8E8B9001B6E5E /* Storyboard.storyboard */,
			);
			path = Storyboards;
			sourceTree = "<group>";
		};
		4A69D6D71EC8E8B9001B6E5E /* Models */ = {
			isa = PBXGroup;
			children = (
				4ACF35FF1ECA7E8700A78FBF /* WooElement.swift */,
				4A69D6DA1EC8E8B9001B6E5E /* WooNews.swift */,
				4A69D6DC1EC8E8B9001B6E5E /* WooTV.swift */,
			);
			path = Models;
			sourceTree = "<group>";
		};
		4A69D6DD1EC8E8B9001B6E5E /* Controllers */ = {
			isa = PBXGroup;
			children = (
				4A69D6DE1EC8E8B9001B6E5E /* ViewController.swift */,
			);
			path = Controllers;
			sourceTree = "<group>";
		};
		4A6C4BEE1EC3F29600278C76 = {
			isa = PBXGroup;
			children = (
				4A6C4BF91EC3F29600278C76 /* WooCutzTv */,
				4A6C4BF81EC3F29600278C76 /* Products */,
			);
			sourceTree = "<group>";
		};
		4A6C4BF81EC3F29600278C76 /* Products */ = {
			isa = PBXGroup;
			children = (
				4A6C4BF71EC3F29600278C76 /* WooCutzTv.app */,
			);
			name = Products;
			sourceTree = "<group>";
		};
		4A6C4BF91EC3F29600278C76 /* WooCutzTv */ = {
			isa = PBXGroup;
			children = (
				4A69D6D71EC8E8B9001B6E5E /* Models */,
				4A69D6CE1EC8E8B9001B6E5E /* Views */,
				4A69D6DD1EC8E8B9001B6E5E /* Controllers */,
				4A69D6D41EC8E8B9001B6E5E /* Storyboards */,
				4A6C4BFA1EC3F29600278C76 /* AppDelegate.swift */,
				4A2788571EC4049700373425 /* Constants.swift */,
				4A6C4C061EC3F29600278C76 /* Info.plist */,
				4A6C4C011EC3F29600278C76 /* Assets.xcassets */,
			);
			path = WooCutzTv;
			sourceTree = "<group>";
		};
/* End PBXGroup section */

/* Begin PBXNativeTarget section */
		4A6C4BF61EC3F29600278C76 /* WooCutzTv */ = {
			isa = PBXNativeTarget;
			buildConfigurationList = 4A6C4C091EC3F29600278C76 /* Build configuration list for PBXNativeTarget "WooCutzTv" */;
			buildPhases = (
				4A6C4BF31EC3F29600278C76 /* Sources */,
				4A6C4BF41EC3F29600278C76 /* Frameworks */,
				4A6C4BF51EC3F29600278C76 /* Resources */,
			);
			buildRules = (
			);
			dependencies = (
			);
			name = WooCutzTv;
			productName = WooCutzTv;
			productReference = 4A6C4BF71EC3F29600278C76 /* WooCutzTv.app */;
			productType = "com.apple.product-type.application";
		};
/* End PBXNativeTarget section */

/* Begin PBXProject section */
		4A6C4BEF1EC3F29600278C76 /* Project object */ = {
			isa = PBXProject;
			attributes = {
				LastSwiftUpdateCheck = 0830;
				LastUpgradeCheck = 0830;
				ORGANIZATIONNAME = phlfvry;
				TargetAttributes = {
					4A6C4BF61EC3F29600278C76 = {
						CreatedOnToolsVersion = 8.3.2;
						DevelopmentTeam = C4NEN3LH37;
						ProvisioningStyle = Automatic;
					};
				};
			};
			buildConfigurationList = 4A6C4BF21EC3F29600278C76 /* Build configuration list for PBXProject "WooCutzTv" */;
			compatibilityVersion = "Xcode 3.2";
			developmentRegion = English;
			hasScannedForEncodings = 0;
			knownRegions = (
				en,
				Base,
			);
			mainGroup = 4A6C4BEE1EC3F29600278C76;
			productRefGroup = 4A6C4BF81EC3F29600278C76 /* Products */;
			projectDirPath = "";
			projectRoot = "";
			targets = (
				4A6C4BF61EC3F29600278C76 /* WooCutzTv */,
			);
		};
/* End PBXProject section */

/* Begin PBXResourcesBuildPhase section */
		4A6C4BF51EC3F29600278C76 /* Resources */ = {
			isa = PBXResourcesBuildPhase;
			buildActionMask = 2147483647;
			files = (
				4A69D6E41EC8E8B9001B6E5E /* Launch Screen.storyboard in Resources */,
				4A6C4C021EC3F29600278C76 /* Assets.xcassets in Resources */,
				4A69D6E51EC8E8B9001B6E5E /* Storyboard.storyboard in Resources */,
			);
			runOnlyForDeploymentPostprocessing = 0;
		};
/* End PBXResourcesBuildPhase section */

/* Begin PBXSourcesBuildPhase section */
		4A6C4BF31EC3F29600278C76 /* Sources */ = {
			isa = PBXSourcesBuildPhase;
			buildActionMask = 2147483647;
			files = (
				4A69D6EA1EC8E8B9001B6E5E /* WooTV.swift in Sources */,
				4A6C4BFB1EC3F29600278C76 /* AppDelegate.swift in Sources */,
				4ACF36001ECA7E8700A78FBF /* WooElement.swift in Sources */,
				4A69D6E31EC8E8B9001B6E5E /* TV.swift in Sources */,
				4A69D6EB1EC8E8B9001B6E5E /* ViewController.swift in Sources */,
				4A69D6E81EC8E8B9001B6E5E /* WooNews.swift in Sources */,
				4A2788581EC4049700373425 /* Constants.swift in Sources */,
				4A69D6E11EC8E8B9001B6E5E /* News.swift in Sources */,
			);
			runOnlyForDeploymentPostprocessing = 0;
		};
/* End PBXSourcesBuildPhase section */

/* Begin XCBuildConfiguration section */
		4A6C4C071EC3F29600278C76 /* Debug */ = {
			isa = XCBuildConfiguration;
			buildSettings = {
				ALWAYS_SEARCH_USER_PATHS = NO;
				CLANG_ANALYZER_NONNULL = YES;
				CLANG_ANALYZER_NUMBER_OBJECT_CONVERSION = YES_AGGRESSIVE;
				CLANG_CXX_LANGUAGE_STANDARD = "gnu++0x";
				CLANG_CXX_LIBRARY = "libc++";
				CLANG_ENABLE_MODULES = YES;
				CLANG_ENABLE_OBJC_ARC = YES;
				CLANG_WARN_BOOL_CONVERSION = YES;
				CLANG_WARN_CONSTANT_CONVERSION = YES;
				CLANG_WARN_DIRECT_OBJC_ISA_USAGE = YES_ERROR;
				CLANG_WARN_DOCUMENTATION_COMMENTS = YES;
				CLANG_WARN_EMPTY_BODY = YES;
				CLANG_WARN_ENUM_CONVERSION = YES;
				CLANG_WARN_INFINITE_RECURSION = YES;
				CLANG_WARN_INT_CONVERSION = YES;
				CLANG_WARN_OBJC_ROOT_CLASS = YES_ERROR;
				CLANG_WARN_SUSPICIOUS_MOVE = YES;
				CLANG_WARN_UNREACHABLE_CODE = YES;
				CLANG_WARN__DUPLICATE_METHOD_MATCH = YES;
				"CODE_SIGN_IDENTITY[sdk=iphoneos*]" = "iPhone Developer";
				COPY_PHASE_STRIP = NO;
				DEBUG_INFORMATION_FORMAT = dwarf;
				ENABLE_STRICT_OBJC_MSGSEND = YES;
				ENABLE_TESTABILITY = YES;
				GCC_C_LANGUAGE_STANDARD = gnu99;
				GCC_DYNAMIC_NO_PIC = NO;
				GCC_NO_COMMON_BLOCKS = YES;
				GCC_OPTIMIZATION_LEVEL = 0;
				GCC_PREPROCESSOR_DEFINITIONS = (
					"DEBUG=1",
					"$(inherited)",
				);
				GCC_WARN_64_TO_32_BIT_CONVERSION = YES;
				GCC_WARN_ABOUT_RETURN_TYPE = YES_ERROR;
				GCC_WARN_UNDECLARED_SELECTOR = YES;
				GCC_WARN_UNINITIALIZED_AUTOS = YES_AGGRESSIVE;
				GCC_WARN_UNUSED_FUNCTION = YES;
				GCC_WARN_UNUSED_VARIABLE = YES;
				IPHONEOS_DEPLOYMENT_TARGET = 10.3;
				MTL_ENABLE_DEBUG_INFO = YES;
				ONLY_ACTIVE_ARCH = YES;
				SDKROOT = iphoneos;
				SWIFT_ACTIVE_COMPILATION_CONDITIONS = DEBUG;
				SWIFT_OPTIMIZATION_LEVEL = "-Onone";
			};
			name = Debug;
		};
		4A6C4C081EC3F29600278C76 /* Release */ = {
			isa = XCBuildConfiguration;
			buildSettings = {
				ALWAYS_SEARCH_USER_PATHS = NO;
				CLANG_ANALYZER_NONNULL = YES;
				CLANG_ANALYZER_NUMBER_OBJECT_CONVERSION = YES_AGGRESSIVE;
				CLANG_CXX_LANGUAGE_STANDARD = "gnu++0x";
				CLANG_CXX_LIBRARY = "libc++";
				CLANG_ENABLE_MODULES = YES;
				CLANG_ENABLE_OBJC_ARC = YES;
				CLANG_WARN_BOOL_CONVERSION = YES;
				CLANG_WARN_CONSTANT_CONVERSION = YES;
				CLANG_WARN_DIRECT_OBJC_ISA_USAGE = YES_ERROR;
				CLANG_WARN_DOCUMENTATION_COMMENTS = YES;
				CLANG_WARN_EMPTY_BODY = YES;
				CLANG_WARN_ENUM_CONVERSION = YES;
				CLANG_WARN_INFINITE_RECURSION = YES;
				CLANG_WARN_INT_CONVERSION = YES;
				CLANG_WARN_OBJC_ROOT_CLASS = YES_ERROR;
				CLANG_WARN_SUSPICIOUS_MOVE = YES;
				CLANG_WARN_UNREACHABLE_CODE = YES;
				CLANG_WARN__DUPLICATE_METHOD_MATCH = YES;
				"CODE_SIGN_IDENTITY[sdk=iphoneos*]" = "iPhone Developer";
				COPY_PHASE_STRIP = NO;
				DEBUG_INFORMATION_FORMAT = "dwarf-with-dsym";
				ENABLE_NS_ASSERTIONS = NO;
				ENABLE_STRICT_OBJC_MSGSEND = YES;
				GCC_C_LANGUAGE_STANDARD = gnu99;
				GCC_NO_COMMON_BLOCKS = YES;
				GCC_WARN_64_TO_32_BIT_CONVERSION = YES;
				GCC_WARN_ABOUT_RETURN_TYPE = YES_ERROR;
				GCC_WARN_UNDECLARED_SELECTOR = YES;
				GCC_WARN_UNINITIALIZED_AUTOS = YES_AGGRESSIVE;
				GCC_WARN_UNUSED_FUNCTION = YES;
				GCC_WARN_UNUSED_VARIABLE = YES;
				IPHONEOS_DEPLOYMENT_TARGET = 10.3;
				MTL_ENABLE_DEBUG_INFO = NO;
				SDKROOT = iphoneos;
				SWIFT_OPTIMIZATION_LEVEL = "-Owholemodule";
				VALIDATE_PRODUCT = YES;
			};
			name = Release;
		};
		4A6C4C0A1EC3F29600278C76 /* Debug */ = {
			isa = XCBuildConfiguration;
			buildSettings = {
				DEVELOPMENT_TEAM = C4NEN3LH37;
				INFOPLIST_FILE = WooCutzTv/Info.plist;
				LD_RUNPATH_SEARCH_PATHS = "$(inherited) @executable_path/Frameworks";
				PRODUCT_BUNDLE_IDENTIFIER = com.phlfvry.WooCutzTv;
				PRODUCT_NAME = "$(TARGET_NAME)";
				SWIFT_VERSION = 3.0;
				TARGETED_DEVICE_FAMILY = 1;
			};
			name = Debug;
		};
		4A6C4C0B1EC3F29600278C76 /* Release */ = {
			isa = XCBuildConfiguration;
			buildSettings = {
				DEVELOPMENT_TEAM = C4NEN3LH37;
				INFOPLIST_FILE = WooCutzTv/Info.plist;
				LD_RUNPATH_SEARCH_PATHS = "$(inherited) @executable_path/Frameworks";
				PRODUCT_BUNDLE_IDENTIFIER = com.phlfvry.WooCutzTv;
				PRODUCT_NAME = "$(TARGET_NAME)";
				SWIFT_VERSION = 3.0;
				TARGETED_DEVICE_FAMILY = 1;
			};
			name = Release;
		};
/* End XCBuildConfiguration section */

/* Begin XCConfigurationList section */
		4A6C4BF21EC3F29600278C76 /* Build configuration list for PBXProject "WooCutzTv" */ = {
			isa = XCConfigurationList;
			buildConfigurations = (
				4A6C4C071EC3F29600278C76 /* Debug */,
				4A6C4C081EC3F29600278C76 /* Release */,
			);
			defaultConfigurationIsVisible = 0;
			defaultConfigurationName = Release;
		};
		4A6C4C091EC3F29600278C76 /* Build configuration list for PBXNativeTarget "WooCutzTv" */ = {
			isa = XCConfigurationList;
			buildConfigurations = (
				4A6C4C0A1EC3F29600278C76 /* Debug */,
				4A6C4C0B1EC3F29600278C76 /* Release */,
			);
			defaultConfigurationIsVisible = 0;
			defaultConfigurationName = Release;
		};
/* End XCConfigurationList section */
	};
	rootObject = 4A6C4BEF1EC3F29600278C76 /* Project object */;
}
